
Microsoft Visual Studio Solution File, Format Version 12.00
# Visual Studio Version 17
VisualStudioVersion = 17.5.33627.172
MinimumVisualStudioVersion = 10.0.40219.1
Project("{FAE04EC0-301F-11D3-BF4B-00C04F79EFBC}") = "A1RamandeepDhaliwal", "A1RamandeepDhaliwal\A1RamandeepDhaliwal.csproj", "{6BCB60BD-C4E3-4C3D-A148-3172F859A007}"
EndProject
Global
	GlobalSection(SolutionConfigurationPlatforms) = preSolution
		Debug|Any CPU = Debug|Any CPU
		Release|Any CPU = Release|Any CPU
	EndGlobalSection
	GlobalSection(ProjectConfigurationPlatforms) = postSolution
		{6BCB60BD-C4E3-4C3D-A148-3172F859A007}.Debug|Any CPU.ActiveCfg = Debug|Any CPU
		{6BCB60BD-C4E3-4C3D-A148-3172F859A007}.Debug|Any CPU.Build.0 = Debug|Any CPU
		{6BCB60BD-C4E3-4C3D-A148-3172F859A007}.Release|Any CPU.ActiveCfg = Release|Any CPU
		{6BCB60BD-C4E3-4C3D-A148-3172F859A007}.Release|Any CPU.Build.0 = Release|Any CPU
	EndGlobalSection
	GlobalSection(SolutionProperties) = preSolution
		HideSolutionNode = FALSE
	EndGlobalSection
	GlobalSection(ExtensibilityGlobals) = postSolution
		SolutionGuid = {C0248B4E-2163-4254-B051-EC9707D329D2}
	EndGlobalSection
EndGlobal
